<?xml version="1.0" encoding="utf-8"?>
<Project ToolsVersion="4.0" xmlns="http://schemas.microsoft.com/developer/msbuild/2003">
  <ItemGroup>
    <Filter Include="Source Files">
      <UniqueIdentifier>{0fb6231a-56e4-4c71-890d-fac65ed98d31}</UniqueIdentifier>
      <Extensions>cpp;c;cxx;rc;def;r;odl;idl;hpj;bat</Extensions>
    </Filter>
    <Filter Include="Header Files">
      <UniqueIdentifier>{f25e8419-8882-493e-9e1f-125861461669}</UniqueIdentifier>
      <Extensions>h;hpp;hxx;hm;inl</Extensions>
    </Filter>
  </ItemGroup>
  <ItemGroup>
    <ClCompile Include="..\src\regexpr2.cpp">
      <Filter>Source Files</Filter>
    </ClCompile>
    <ClCompile Include="..\src\syntax2.cpp">
      <Filter>Source Files</Filter>
    </ClCompile>
  </ItemGroup>
  <ItemGroup>
    <ClInclude Include="..\include\regexpr2.h">
      <Filter>Header Files</Filter>
    </ClInclude>
    <ClInclude Include="..\include\reimpl2.h">
      <Filter>Header Files</Filter>
    </ClInclude>
    <ClInclude Include="..\include\restack.h">
      <Filter>Header Files</Filter>
    </ClInclude>
    <ClInclude Include="..\include\syntax2.h">
      <Filter>Header Files</Filter>
    </ClInclude>
  </ItemGroup>
  <ItemGroup>
    <CustomBuild Include="..\greta2.htm" />
    <CustomBuild Include="..\License.txt" />
  </ItemGroup>
</Project>